github.com/davecgh/go-spew v1.1.0/go.mod h1:J7Y8YcW2NihsgmVo/mv3lAwl/skON4iLHjSsI+c5H38=
github.com/davecgh/go-spew v1.1.1 h1:vj9j/u1bqnvCEfJOwUhtlOARqs3+rkHYY13jYWTU97c=
github.com/davecgh/go-spew v1.1.1/go.mod h1:J7Y8YcW2NihsgmVo/mv3lAwl/skON4iLHjSsI+c5H38=
github.com/dustin/go-humanize v1.0.0/go.mod h1:HtrtbFcZ19U5GC7JDqmcUSB87Iq5E25KnS6fMYU6eOk=
github.com/golang/freetype v0.0.0-20170609003504-e2365dfdc4a0 h1:DACJavvAHhabrF08vX0COfcOBJRhZ8lUbR+ZWIs0Y5g=
github.com/golang/freetype v0.0.0-20170609003504-e2365dfdc4a0/go.mod h1:E/TSTwGwJL78qG/PmXZO1EjYhfJinVAhrmmHX6Z8B9k=
github.com/golang/geo v0.0.0-20180826223333-635502111454/go.mod h1:vgWZ7cu0fq0KY3PpEHsocXOWJpRtkcbKemU4IUw0M60=
github.com/golang/geo v0.0.0-20230421003525-6adc56603217 h1:HKlyj6in2JV6wVkmQ4XmG/EIm+SCYlPZ+V4GWit7Z+I=
github.com/golang/geo v0.0.0-20230421003525-6adc56603217/go.mod h1:8wI0hitZ3a1IxZfeH3/5I97CI8i5cLGsYe7xNhQGs9U=
github.com/golang/snappy v0.0.4 h1:yAGX7huGHXlcLOEtBnF4w7FQwA26wojNCwOYAEhLjQM=
github.com/golang/snappy v0.0.4/go.mod h1:/XxbfmMg8lxefKM7IXC3fBNl/7bRcc72aCRzEWrmP2Q=
github.com/google/go-cmp v0.5.8 h1:e6P7q2lk1O+qJJb4BtCQXlK8vWEO8V1ZeuEdJNOqZyg=
github.com/google/go-cmp v0.5.8/go.mod h1:17dUlkBOakJ0+DkrSSNjCkIjxS6bF9zb3elmeNGIjoY=
github.com/llgcode/draw2d v0.0.0-20230723155556-e595d7c7e75e h1:hqFckor7F0B63l6cV/PoAsuQUOmDji/1oVF0+24EMUI=
github.com/llgcode/draw2d v0.0.0-20230723155556-e595d7c7e75e/go.mod h1:zNlGqkQNLxAN7D2uihSJsrEzrkWrSIK5kmSZU/dN5NY=
github.com/llgcode/ps v0.0.0-20150911083025-f1443b32eedb h1:61ndUreYSlWFeCY44JxDDkngVoI7/1MVhEl98Nm0KOk=
github.com/llgcode/ps v0.0.0-20150911083025-f1443b32eedb/go.mod h1:1l8ky+Ew27CMX29uG+a2hNOKpeNYEQjjtiALiBlFQbY=
github.com/markus-wa/go-heatmap/v2 v2.0.0 h1:mskJwvbESraWLBly+XTv555PVla1e8C2iSrkmS/Gv+Y=
github.com/markus-wa/go-heatmap/v2 v2.0.0/go.mod h1:ETqmIODsmcKAjGPmXkkMS+sFMUk81Xcr7XINxWzNcBw=
github.com/markus-wa/go-unassert v0.1.3 h1:4N2fPLUS3929Rmkv94jbWskjsLiyNT2yQpCulTFFWfM=
github.com/markus-wa/go-unassert v0.1.3/go.mod h1:/pqt7a0LRmdsRNYQ2nU3SGrXfw3bLXrvIkakY/6jpPY=
github.com/markus-wa/gobitread v0.2.3 h1:COx7dtYQ7Q+77hgUmD+O4MvOcqG7y17RP3Z7BbjRvPs=
github.com/markus-wa/gobitread v0.2.3/go.mod h1:PcWXMH4gx7o2CKslbkFkLyJB/aHW7JVRG3MRZe3PINg=
github.com/markus-wa/godispatch v1.4.1 h1:Cdff5x33ShuX3sDmUbYWejk7tOuoHErFYMhUc2h7sLc=
github.com/markus-wa/godispatch v1.4.1/go.mod h1:tk8L0yzLO4oAcFwM2sABMge0HRDJMdE8E7xm4gK/+xM=
github.com/markus-wa/ice-cipher-go v0.0.0-20230901094113-348096939ba7 h1:aR9pvnlnBxifXBmzidpAiq2prLSGlkhE904qnk2sCz4=
github.com/markus-wa/ice-cipher-go v0.0.0-20230901094113-348096939ba7/go.mod h1:JIsht5Oa9P50VnGJTvH2a6nkOqDFJbUeU1YRZYvdplw=
github.com/markus-wa/quickhull-go/v2 v2.2.0 h1:rB99NLYeUHoZQ/aNRcGOGqjNBGmrOaRxdtqTnsTUPTA=
github.com/markus-wa/quickhull-go/v2 v2.2.0/go.mod h1:EuLMucfr4B+62eipXm335hOs23LTnO62W7Psn3qvU2k=
github.com/oklog/ulid/v2 v2.1.0 h1:+9lhoxAP56we25tyYETBBY1YLA2SaoLvUFgrP2miPJU=
github.com/oklog/ulid/v2 v2.1.0/go.mod h1:rcEKHmBBKfef9DhnvX7y1HZBYxjXb0cP5ExxNsTT1QQ=
github.com/pborman/getopt v0.0.0-20170112200414-7148bc3a4c30/go.mod h1:85jBQOZwpVEaDAr341tbn15RS4fCAsIst0qp7i8ex1o=
github.com/pkg/errors v0.9.1 h1:FEBLx1zS214owpjy7qsBeixbURkuhQAwrK5UwLGTwt4=
github.com/pkg/errors v0.9.1/go.mod h1:bwawxfHBFNV+L2hUp1rHADufV3IMtnDRdf1r5NINEl0=
github.com/pmezard/go-difflib v1.0.0 h1:4DBwDE0NGyQoBHbLQYPwSUPoCMWR5BEzIk/f1lZbAQM=
github.com/pmezard/go-difflib v1.0.0/go.mod h1:iKH77koFhYxTK1pcRnkKkqfTogsbg7gZNVY4sRDYZ/4=
github.com/samber/lo v1.38.1 h1:j2XEAqXKb09Am4ebOg31SpvzUTTs6EN3VfgeLUhPdXM=
github.com/samber/lo v1.38.1/go.mod h1:+m/ZKRl6ClXCE2Lgf3MsQlWfh4bn1bz6CXEOxnEXnEA=
github.com/stretchr/objx v0.1.0/go.mod h1:HFkY916IF+rwdDfMAkV7OtwuqBVzrE8GR6GFx+wExME=
github.com/stretchr/objx v0.4.0/go.mod h1:YvHI0jy2hoMjB+UWwv71VJQ9isScKT/TqJzVSSt89Yw=
github.com/stretchr/objx v0.5.0/go.mod h1:Yh+to48EsGEfYuaHDzXPcE3xhTkx73EhmCGUpEOglKo=
github.com/stretchr/objx v0.5.1 h1:4VhoImhV/Bm0ToFkXFi8hXNXwpDRZ/ynw3amt82mzq0=
github.com/stretchr/objx v0.5.1/go.mod h1:/iHQpkQwBD6DLUmQ4pE+s1TXdob1mORJ4/UFdrifcy0=
github.com/stretchr/testify v1.6.1/go.mod h1:6Fq8oRcR53rry900zMqJjRRixrwX3KX962/h/Wwjteg=
github.com/stretchr/testify v1.7.1/go.mod h1:6Fq8oRcR53rry900zMqJjRRixrwX3KX962/h/Wwjteg=
github.com/stretchr/testify v1.8.0/go.mod h1:yNjHg4UonilssWZ8iaSj1OCr/vHnekPRkoO+kdMU+MU=
github.com/stretchr/testify v1.8.2/go.mod h1:w2LPCIKwWwSfY2zedu0+kehJoqGctiVI29o6fzry7u4=
github.com/stretchr/testify v1.8.4 h1:CcVxjf3Q8PM0mHUKJCdn+eZZtm5yQwehR5yeSVQQcUk=
github.com/stretchr/testify v1.8.4/go.mod h1:sz/lmYIOXD/1dqDmKjjqLyZ2RngseejIcXlSw2iwfAo=
golang.org/x/exp v0.0.0-20230817173708-d852ddb80c63 h1:m64FZMko/V45gv0bNmrNYoDEq8U5YUhetc9cBWKS1TQ=
golang.org/x/exp v0.0.0-20230817173708-d852ddb80c63/go.mod h1:0v4NqG35kSWCMzLaMeX+IQrlSnVE/bqGSyC2cz/9Le8=
golang.org/x/image v0.18.0 h1:jGzIakQa/ZXI1I0Fxvaa9W7yP25TqT6cHIHn+6CqvSQ=
golang.org/x/image v0.18.0/go.mod h1:4yyo5vMFQjVjUcVk4jEQcU9MGy/rulF5WvUILseCM2E=
google.golang.org/protobuf v1.34.2 h1:6xV6lTsCfpGD21XK49h7MhtcApnLqkfYgPcdHftf6hg=
google.golang.org/protobuf v1.34.2/go.mod h1:qYOHts0dSfpeUzUFpOMr/WGzszTmLH+DiWniOlNbLDw=
gopkg.in/check.v1 v0.0.0-20161208181325-20d25e280405 h1:yhCVgyC4o1eVCa2tZl7eS0r+SDo693bJlVdllGtEeKM=
gopkg.in/check.v1 v0.0.0-20161208181325-20d25e280405/go.mod h1:Co6ibVJAznAaIkqp8huTwlJQCZ016jof/cbN4VW5Yz0=
gopkg.in/yaml.v3 v3.0.0-20200313102051-9f266ea9e77c/go.mod h1:K4uyk7z7BCEPqu6E+C64Yfv1cQ7kz7rIZviUmN+EgEM=
gopkg.in/yaml.v3 v3.0.1 h1:fxVm/GzAzEWqLHuvctI91KS9hhNmmWOoWu0XTYJS7CA=
gopkg.in/yaml.v3 v3.0.1/go.mod h1:K4uyk7z7BCEPqu6E+C64Yfv1cQ7kz7rIZviUmN+EgEM=
