# This file is autogenerated, do not edit; changes may be undone by the next 'dep ensure'.


[[projects]]
  name = "github.com/gogo/protobuf"
  packages = [
    "proto",
    "protoc-gen-gogo/descriptor"
  ]
  revision = "1adfc126b41513cc696b209667c8656ea7aac67c"
  version = "v1.0.0"

[[projects]]
  branch = "master"
  name = "github.com/golang/geo"
  packages = [
    "r3",
    "s1"
  ]
  revision = "fb250ae94fbe10f86b4f1a9b70a19925da3410b9"

[[projects]]
  name = "github.com/markus-wa/gobitread"
  packages = ["."]
  revision = "062d24bd67896096b650947bc03b468f769ab665"
  version = "v0.2.1"

[[projects]]
  name = "github.com/markus-wa/godispatch"
  packages = ["."]
  revision = "f4048bc8abcffe7f94eb7bd8f450f7e5480164cf"
  version = "v1.0.0"

[solve-meta]
  analyzer-name = "dep"
  analyzer-version = 1
  inputs-digest = "701da6e0e06066c3d0cd5c0add57bf703fb23028d32967eac0b6a5b4901321cd"
  solver-name = "gps-cdcl"
  solver-version = 1
