# This file is autogenerated, do not edit; changes may be undone by the next 'dep ensure'.


[[projects]]
  branch = "master"
  name = "github.com/dustin/go-heatmap"
  packages = [
    ".",
    "schemes"
  ]
  revision = "b89dbd73785a2348b5e0558f719f27a826987ceb"

[[projects]]
  name = "github.com/gogo/protobuf"
  packages = [
    "proto",
    "protoc-gen-gogo/descriptor"
  ]
  revision = "1adfc126b41513cc696b209667c8656ea7aac67c"
  version = "v1.0.0"

[[projects]]
  branch = "master"
  name = "github.com/golang/geo"
  packages = [
    "r3",
    "s1"
  ]
  revision = "fb250ae94fbe10f86b4f1a9b70a19925da3410b9"

[[projects]]
  name = "github.com/markus-wa/gobitread"
  packages = ["."]
  revision = "062d24bd67896096b650947bc03b468f769ab665"
  version = "v0.2.1"

[[projects]]
  name = "github.com/markus-wa/godispatch"
  packages = ["."]
  revision = "3c2bfa80b4fa8e97f461b579dda6d698aee02430"
  version = "v1.1.0"

[solve-meta]
  analyzer-name = "dep"
  analyzer-version = 1
  inputs-digest = "6c0c3a560c7e37da5f12101216c9966e21c426de8e758c2da3e24ec1fee9b164"
  solver-name = "gps-cdcl"
  solver-version = 1
